
Microsoft Visual Studio Solution File, Format Version 12.00
# Visual Studio 15
VisualStudioVersion = 15.0.28307.852
MinimumVisualStudioVersion = 10.0.40219.1
Project("{FAE04EC0-301F-11D3-BF4B-00C04F79EFBC}") = "Desafio_Tecnico_Automacao", "Desafio_Tecnico_Automacao\Desafio_Tecnico_Automacao.csproj", "{2F0BE672-DD79-4A93-B902-227A5E589831}"
EndProject
Project("{FAE04EC0-301F-11D3-BF4B-00C04F79EFBC}") = "TesteApi", "TesteApi\TesteApi.csproj", "{4A9F6DBF-40DE-4CFC-8BE5-05E1BECE490A}"
EndProject
Global
	GlobalSection(SolutionConfigurationPlatforms) = preSolution
		Debug|Any CPU = Debug|Any CPU
		Release|Any CPU = Release|Any CPU
	EndGlobalSection
	GlobalSection(ProjectConfigurationPlatforms) = postSolution
		{2F0BE672-DD79-4A93-B902-227A5E589831}.Debug|Any CPU.ActiveCfg = Debug|Any CPU
		{2F0BE672-DD79-4A93-B902-227A5E589831}.Debug|Any CPU.Build.0 = Debug|Any CPU
		{2F0BE672-DD79-4A93-B902-227A5E589831}.Release|Any CPU.ActiveCfg = Release|Any CPU
		{2F0BE672-DD79-4A93-B902-227A5E589831}.Release|Any CPU.Build.0 = Release|Any CPU
		{4A9F6DBF-40DE-4CFC-8BE5-05E1BECE490A}.Debug|Any CPU.ActiveCfg = Debug|Any CPU
		{4A9F6DBF-40DE-4CFC-8BE5-05E1BECE490A}.Debug|Any CPU.Build.0 = Debug|Any CPU
		{4A9F6DBF-40DE-4CFC-8BE5-05E1BECE490A}.Release|Any CPU.ActiveCfg = Release|Any CPU
		{4A9F6DBF-40DE-4CFC-8BE5-05E1BECE490A}.Release|Any CPU.Build.0 = Release|Any CPU
	EndGlobalSection
	GlobalSection(SolutionProperties) = preSolution
		HideSolutionNode = FALSE
	EndGlobalSection
	GlobalSection(ExtensibilityGlobals) = postSolution
		SolutionGuid = {D307713A-4AD7-4C1D-901A-B276BBE4C8B1}
	EndGlobalSection
EndGlobal
